
Microsoft Visual Studio Solution File, Format Version 12.00
# Visual Studio 15
VisualStudioVersion = 15.0.27703.2026
MinimumVisualStudioVersion = 10.0.40219.1
Project("{6EC3EE1D-3C4E-46DD-8F32-0CC8E7565705}") = "JsonProvider.Tests", "tests\JsonProvider.Tests\JsonProvider.Tests.fsproj", "{D7BDE66F-1555-41C5-A6A0-4015696A2F0C}"
EndProject
Global
	GlobalSection(SolutionConfigurationPlatforms) = preSolution
		Debug|Any CPU = Debug|Any CPU
		Release|Any CPU = Release|Any CPU
	EndGlobalSection
	GlobalSection(ProjectConfigurationPlatforms) = postSolution
		{D7BDE66F-1555-41C5-A6A0-4015696A2F0C}.Debug|Any CPU.ActiveCfg = Debug|Any CPU
		{D7BDE66F-1555-41C5-A6A0-4015696A2F0C}.Debug|Any CPU.Build.0 = Debug|Any CPU
		{D7BDE66F-1555-41C5-A6A0-4015696A2F0C}.Release|Any CPU.ActiveCfg = Release|Any CPU
		{D7BDE66F-1555-41C5-A6A0-4015696A2F0C}.Release|Any CPU.Build.0 = Release|Any CPU
	EndGlobalSection
	GlobalSection(SolutionProperties) = preSolution
		HideSolutionNode = FALSE
	EndGlobalSection
	GlobalSection(ExtensibilityGlobals) = postSolution
		SolutionGuid = {953E73D8-224D-4087-8D0C-2DFF86E6DA2C}
	EndGlobalSection
EndGlobal
