
Microsoft Visual Studio Solution File, Format Version 12.00
# Visual Studio 15
VisualStudioVersion = 15.0.28010.2048
MinimumVisualStudioVersion = 10.0.40219.1
Project("{2150E333-8FDC-42A3-9474-1A3956D46DE8}") = ".paket", ".paket", "{63297B98-5CED-492C-A5B7-A5B4F73CF142}"
	ProjectSection(SolutionItems) = preProject
		paket.dependencies = paket.dependencies
	EndProjectSection
EndProject
Project("{6EC3EE1D-3C4E-46DD-8F32-0CC8E7565705}") = "JsonProvider.Runtime", "src\JsonProvider.Runtime\JsonProvider.Runtime.fsproj", "{E4AA5589-440D-4D80-A542-B6B1EFE328F2}"
EndProject
Project("{6EC3EE1D-3C4E-46DD-8F32-0CC8E7565705}") = "JsonProvider.DesignTime", "src\JsonProvider.DesignTime\JsonProvider.DesignTime.fsproj", "{21D622D9-B030-4AFF-B425-F065AEE27486}"
EndProject
Project("{2150E333-8FDC-42A3-9474-1A3956D46DE8}") = "tests", "tests", "{ED8079DD-2B06-4030-9F0F-DC548F98E1C4}"
EndProject
Project("{6EC3EE1D-3C4E-46DD-8F32-0CC8E7565705}") = "JsonProvider.Tests", "tests\JsonProvider.Tests\JsonProvider.Tests.fsproj", "{CD444F1B-5F75-4977-9D31-4A9B658E7536}"
EndProject
Project("{9A19103F-16F7-4668-BE54-9A1E7A4F7556}") = "build", "build\build.csproj", "{39791565-9FEA-4EBF-A20B-4EE6A322D036}"
EndProject
Global
	GlobalSection(SolutionConfigurationPlatforms) = preSolution
		Debug|Any CPU = Debug|Any CPU
		Release|Any CPU = Release|Any CPU
	EndGlobalSection
	GlobalSection(ProjectConfigurationPlatforms) = postSolution
		{E4AA5589-440D-4D80-A542-B6B1EFE328F2}.Debug|Any CPU.ActiveCfg = Debug|Any CPU
		{E4AA5589-440D-4D80-A542-B6B1EFE328F2}.Debug|Any CPU.Build.0 = Debug|Any CPU
		{E4AA5589-440D-4D80-A542-B6B1EFE328F2}.Release|Any CPU.ActiveCfg = Release|Any CPU
		{E4AA5589-440D-4D80-A542-B6B1EFE328F2}.Release|Any CPU.Build.0 = Release|Any CPU
		{21D622D9-B030-4AFF-B425-F065AEE27486}.Debug|Any CPU.ActiveCfg = Debug|Any CPU
		{21D622D9-B030-4AFF-B425-F065AEE27486}.Debug|Any CPU.Build.0 = Debug|Any CPU
		{21D622D9-B030-4AFF-B425-F065AEE27486}.Release|Any CPU.ActiveCfg = Release|Any CPU
		{21D622D9-B030-4AFF-B425-F065AEE27486}.Release|Any CPU.Build.0 = Release|Any CPU
		{CD444F1B-5F75-4977-9D31-4A9B658E7536}.Debug|Any CPU.ActiveCfg = Debug|Any CPU
		{CD444F1B-5F75-4977-9D31-4A9B658E7536}.Debug|Any CPU.Build.0 = Debug|Any CPU
		{CD444F1B-5F75-4977-9D31-4A9B658E7536}.Release|Any CPU.ActiveCfg = Release|Any CPU
		{CD444F1B-5F75-4977-9D31-4A9B658E7536}.Release|Any CPU.Build.0 = Release|Any CPU
		{39791565-9FEA-4EBF-A20B-4EE6A322D036}.Debug|Any CPU.ActiveCfg = Debug|Any CPU
		{39791565-9FEA-4EBF-A20B-4EE6A322D036}.Release|Any CPU.ActiveCfg = Release|Any CPU
	EndGlobalSection
	GlobalSection(SolutionProperties) = preSolution
		HideSolutionNode = FALSE
	EndGlobalSection
	GlobalSection(NestedProjects) = preSolution
		{CD444F1B-5F75-4977-9D31-4A9B658E7536} = {ED8079DD-2B06-4030-9F0F-DC548F98E1C4}
		{39791565-9FEA-4EBF-A20B-4EE6A322D036} = {0A0A805B-74C5-4E47-AAFB-A1F42598D728}
	EndGlobalSection
	GlobalSection(ExtensibilityGlobals) = postSolution
		SolutionGuid = {7CAE914F-591E-4D24-AE04-462926E52B4E}
	EndGlobalSection
EndGlobal
