
Microsoft Visual Studio Solution File, Format Version 12.00
# Visual Studio 15
VisualStudioVersion = 15.0.28218.60
MinimumVisualStudioVersion = 10.0.40219.1
Project("{F2A71F9B-5D33-465A-A702-920D77279786}") = "JsonProvider.Provider", "JsonProvider.Provider\JsonProvider.Provider.fsproj", "{36D53772-2786-4155-A660-13C892894480}"
EndProject
Project("{FAE04EC0-301F-11D3-BF4B-00C04F79EFBC}") = "JsonProvider.Example", "JsonProvider.Example\JsonProvider.Example.csproj", "{580A7715-2296-4B35-92DC-0C7F1D36AB8D}"
EndProject
Global
	GlobalSection(SolutionConfigurationPlatforms) = preSolution
		Debug|Any CPU = Debug|Any CPU
		Release|Any CPU = Release|Any CPU
	EndGlobalSection
	GlobalSection(ProjectConfigurationPlatforms) = postSolution
		{36D53772-2786-4155-A660-13C892894480}.Debug|Any CPU.ActiveCfg = Debug|Any CPU
		{36D53772-2786-4155-A660-13C892894480}.Debug|Any CPU.Build.0 = Debug|Any CPU
		{36D53772-2786-4155-A660-13C892894480}.Release|Any CPU.ActiveCfg = Release|Any CPU
		{36D53772-2786-4155-A660-13C892894480}.Release|Any CPU.Build.0 = Release|Any CPU
		{580A7715-2296-4B35-92DC-0C7F1D36AB8D}.Debug|Any CPU.ActiveCfg = Debug|Any CPU
		{580A7715-2296-4B35-92DC-0C7F1D36AB8D}.Debug|Any CPU.Build.0 = Debug|Any CPU
		{580A7715-2296-4B35-92DC-0C7F1D36AB8D}.Release|Any CPU.ActiveCfg = Release|Any CPU
		{580A7715-2296-4B35-92DC-0C7F1D36AB8D}.Release|Any CPU.Build.0 = Release|Any CPU
	EndGlobalSection
	GlobalSection(SolutionProperties) = preSolution
		HideSolutionNode = FALSE
	EndGlobalSection
	GlobalSection(ExtensibilityGlobals) = postSolution
		SolutionGuid = {A7F04388-F0EC-4725-BE34-E2ADE13DC6CA}
	EndGlobalSection
EndGlobal
