
Microsoft Visual Studio Solution File, Format Version 12.00
# Visual Studio 15
VisualStudioVersion = 15.0.28218.60
MinimumVisualStudioVersion = 10.0.40219.1
Project("{6EC3EE1D-3C4E-46DD-8F32-0CC8E7565705}") = "JsonProvider.Provider", "JsonProvider.Provider\JsonProvider.Provider.fsproj", "{36D53772-2786-4155-A660-13C892894480}"
EndProject
Project("{9A19103F-16F7-4668-BE54-9A1E7A4F7556}") = "JsonProvider.Example", "JsonProvider.Example\JsonProvider.Example.csproj", "{580A7715-2296-4B35-92DC-0C7F1D36AB8D}"
EndProject
Project("{FAE04EC0-301F-11D3-BF4B-00C04F79EFBC}") = "JsonProvider.NetFrameworkExample", "JsonProvider.NetFrameworkExample\JsonProvider.NetFrameworkExample.csproj", "{DE087BC7-0D04-4058-B241-F14C74213251}"
EndProject
Project("{F2A71F9B-5D33-465A-A702-920D77279786}") = "JsonProvider.NetFrameworkProvider", "JsonProvider.NetFrameworkProvider\JsonProvider.NetFrameworkProvider.fsproj", "{9737B894-F1A1-4967-8352-0142662FA284}"
EndProject
Global
	GlobalSection(SolutionConfigurationPlatforms) = preSolution
		Debug|Any CPU = Debug|Any CPU
		Release|Any CPU = Release|Any CPU
	EndGlobalSection
	GlobalSection(ProjectConfigurationPlatforms) = postSolution
		{36D53772-2786-4155-A660-13C892894480}.Debug|Any CPU.ActiveCfg = Debug|Any CPU
		{36D53772-2786-4155-A660-13C892894480}.Debug|Any CPU.Build.0 = Debug|Any CPU
		{36D53772-2786-4155-A660-13C892894480}.Release|Any CPU.ActiveCfg = Release|Any CPU
		{36D53772-2786-4155-A660-13C892894480}.Release|Any CPU.Build.0 = Release|Any CPU
		{580A7715-2296-4B35-92DC-0C7F1D36AB8D}.Debug|Any CPU.ActiveCfg = Debug|Any CPU
		{580A7715-2296-4B35-92DC-0C7F1D36AB8D}.Debug|Any CPU.Build.0 = Debug|Any CPU
		{580A7715-2296-4B35-92DC-0C7F1D36AB8D}.Release|Any CPU.ActiveCfg = Release|Any CPU
		{580A7715-2296-4B35-92DC-0C7F1D36AB8D}.Release|Any CPU.Build.0 = Release|Any CPU
		{DE087BC7-0D04-4058-B241-F14C74213251}.Debug|Any CPU.ActiveCfg = Debug|Any CPU
		{DE087BC7-0D04-4058-B241-F14C74213251}.Debug|Any CPU.Build.0 = Debug|Any CPU
		{DE087BC7-0D04-4058-B241-F14C74213251}.Release|Any CPU.ActiveCfg = Release|Any CPU
		{DE087BC7-0D04-4058-B241-F14C74213251}.Release|Any CPU.Build.0 = Release|Any CPU
		{9737B894-F1A1-4967-8352-0142662FA284}.Debug|Any CPU.ActiveCfg = Debug|Any CPU
		{9737B894-F1A1-4967-8352-0142662FA284}.Debug|Any CPU.Build.0 = Debug|Any CPU
		{9737B894-F1A1-4967-8352-0142662FA284}.Release|Any CPU.ActiveCfg = Release|Any CPU
		{9737B894-F1A1-4967-8352-0142662FA284}.Release|Any CPU.Build.0 = Release|Any CPU
	EndGlobalSection
	GlobalSection(SolutionProperties) = preSolution
		HideSolutionNode = FALSE
	EndGlobalSection
	GlobalSection(ExtensibilityGlobals) = postSolution
		SolutionGuid = {A7F04388-F0EC-4725-BE34-E2ADE13DC6CA}
	EndGlobalSection
EndGlobal
